name: Release Please uv.lock

on:
  pull_request:
    branches:
      - main
    types:
      - opened
      - synchronize
      - reopened
    paths:
      - apps/slackbot/pyproject.toml

concurrency:
  group: uv-lock-${{ github.event.pull_request.number }}

permissions:
  contents: read # required for actions/checkout fallback auth; actual writes use the App token

jobs:
  refresh-uv-lock:
    if: >-
      github.event.pull_request.head.repo.full_name == github.repository &&
      startsWith(github.head_ref, 'release-please--')
    runs-on: ubuntu-latest
    steps:
      - uses: actions/create-github-app-token@bcd2ba49218906704ab6c1aa796996da409d3eb1 # v3
        id: app-token
        with:
          app-id: ${{ secrets.RELEASE_PLEASE_APP_ID }}
          private-key: ${{ secrets.RELEASE_PLEASE_APP_PRIVATE_KEY }}
          permission-contents: write

      - uses: actions/checkout@3d3c42e5aac5ba805825da76410c181273ba90b1 # v7
        with:
          ref: ${{ github.head_ref }}
          token: ${{ steps.app-token.outputs.token }}
          persist-credentials: true

      - uses: actions/setup-python@5fda3b95a4ea91299a34e894583c3862153e4b97 # v7.0.0
        with:
          python-version: "3.12"

      - uses: astral-sh/setup-uv@11f9893b081a58869d3b5fccaea48c9e9e46f990 # v8.3.2

      - name: Refresh uv.lock
        run: uv lock

      - name: Commit uv.lock if changed
        run: |
          if git diff --quiet -- uv.lock; then
            echo "uv.lock is already up to date."
            exit 0
          fi

          git config user.name "github-actions[bot]"
          git config user.email "41898282+github-actions[bot]@users.noreply.github.com"
          git add uv.lock
          git commit -m "chore(slackbot): refresh uv.lock for release"
          git push
